# THIS IS AN AUTOGENERATED FILE. DO NOT EDIT THIS FILE DIRECTLY.
# yarn lockfile v1


create-playwright@^1.17.134:
  version "1.17.135"
  resolved "https://registry.yarnpkg.com/create-playwright/-/create-playwright-1.17.135.tgz#3e8f70cf70f6b2e9068373764115085fe817d823"
  integrity sha512-ra/cDAeSCrE7waEccqYCt5WiFtOtLZI7xBVqhd8kQUI3rwAk9f/dIhZLSb/rGHoGKe2KxcPAngXZiCDJPoQ5uA==

create-vite@^6.1.1:
  version "6.1.1"
  resolved "https://registry.yarnpkg.com/create-vite/-/create-vite-6.1.1.tgz#49156a4f0c75866ca41123a809bd180434587871"
  integrity sha512-oHcCcikmJqWVwUCf3OhwRwnTHY062koziG7niDvMPBEXnie/ME5b22v/Z9PuyWhnM0Yy4iTXk0y9ZRMivNXhvQ==
